
Microsoft Visual Studio Solution File, Format Version 12.00
# Visual Studio Version 17
VisualStudioVersion = 17.10.35027.167
MinimumVisualStudioVersion = 10.0.40219.1
Project("{9A19103F-16F7-4668-BE54-9A1E7A4F7556}") = "KampIntro", "KampIntro\KampIntro.csproj", "{44FA238B-E52A-4A49-8866-36A02C608CD9}"
EndProject
Project("{9A19103F-16F7-4668-BE54-9A1E7A4F7556}") = "ClassIntro", "ClassIntro\ClassIntro.csproj", "{7A750F43-3C24-4688-AD01-D85F189CCB40}"
EndProject
Project("{FAE04EC0-301F-11D3-BF4B-00C04F79EFBC}") = "Metotlar", "Metotlar\Metotlar.csproj", "{0BB0C96E-4395-41A9-BC35-F098BD8BF8F0}"
EndProject
Project("{FAE04EC0-301F-11D3-BF4B-00C04F79EFBC}") = "Matematik", "Matematik\Matematik.csproj", "{3909E59A-C537-443D-806A-61EF0C4FFEA3}"
EndProject
Project("{FAE04EC0-301F-11D3-BF4B-00C04F79EFBC}") = "DegerVeReferansTipler", "DegerVeReferansTipler\DegerVeReferansTipler.csproj", "{5F0156A8-05B9-42FD-B8F1-5D11C16AE74B}"
EndProject
Project("{FAE04EC0-301F-11D3-BF4B-00C04F79EFBC}") = "ClassMetotDemo", "ClassMetotDemo\ClassMetotDemo.csproj", "{DF58138C-A91E-4E2C-AC11-EEB2FCC3B770}"
EndProject
Project("{FAE04EC0-301F-11D3-BF4B-00C04F79EFBC}") = "OOP1", "OOP1\OOP1.csproj", "{1BBD1ACF-EF6C-4B09-9041-A030DE2CFD24}"
EndProject
Project("{FAE04EC0-301F-11D3-BF4B-00C04F79EFBC}") = "Koleksiyonlar", "Koleksiyonlar\Koleksiyonlar.csproj", "{868D5D96-648F-4E86-91A6-8F4B3B0EFAAA}"
EndProject
Project("{FAE04EC0-301F-11D3-BF4B-00C04F79EFBC}") = "GenericsIntro", "GenericsIntro\GenericsIntro.csproj", "{3B4ECB0B-3C90-4A23-93BE-6FB7B2516597}"
EndProject
Project("{FAE04EC0-301F-11D3-BF4B-00C04F79EFBC}") = "Ders4_Odev5", "Ders4_Odev5\Ders4_Odev5.csproj", "{DF435A92-7A48-4547-8968-7E6F74C8BD1F}"
EndProject
Project("{FAE04EC0-301F-11D3-BF4B-00C04F79EFBC}") = "OOP2", "OOP2\OOP2.csproj", "{74FC8DFD-360A-43BA-BD5C-5C1073E2AF06}"
EndProject
Project("{FAE04EC0-301F-11D3-BF4B-00C04F79EFBC}") = "OOP3", "OOP3\OOP3.csproj", "{76C2EEDA-E2CB-43C7-8744-D449D222DBE0}"
EndProject
Global
	GlobalSection(SolutionConfigurationPlatforms) = preSolution
		Debug|Any CPU = Debug|Any CPU
		Release|Any CPU = Release|Any CPU
	EndGlobalSection
	GlobalSection(ProjectConfigurationPlatforms) = postSolution
		{44FA238B-E52A-4A49-8866-36A02C608CD9}.Debug|Any CPU.ActiveCfg = Debug|Any CPU
		{44FA238B-E52A-4A49-8866-36A02C608CD9}.Debug|Any CPU.Build.0 = Debug|Any CPU
		{44FA238B-E52A-4A49-8866-36A02C608CD9}.Release|Any CPU.ActiveCfg = Release|Any CPU
		{44FA238B-E52A-4A49-8866-36A02C608CD9}.Release|Any CPU.Build.0 = Release|Any CPU
		{7A750F43-3C24-4688-AD01-D85F189CCB40}.Debug|Any CPU.ActiveCfg = Debug|Any CPU
		{7A750F43-3C24-4688-AD01-D85F189CCB40}.Debug|Any CPU.Build.0 = Debug|Any CPU
		{7A750F43-3C24-4688-AD01-D85F189CCB40}.Release|Any CPU.ActiveCfg = Release|Any CPU
		{7A750F43-3C24-4688-AD01-D85F189CCB40}.Release|Any CPU.Build.0 = Release|Any CPU
		{0BB0C96E-4395-41A9-BC35-F098BD8BF8F0}.Debug|Any CPU.ActiveCfg = Debug|Any CPU
		{0BB0C96E-4395-41A9-BC35-F098BD8BF8F0}.Debug|Any CPU.Build.0 = Debug|Any CPU
		{0BB0C96E-4395-41A9-BC35-F098BD8BF8F0}.Release|Any CPU.ActiveCfg = Release|Any CPU
		{0BB0C96E-4395-41A9-BC35-F098BD8BF8F0}.Release|Any CPU.Build.0 = Release|Any CPU
		{3909E59A-C537-443D-806A-61EF0C4FFEA3}.Debug|Any CPU.ActiveCfg = Debug|Any CPU
		{3909E59A-C537-443D-806A-61EF0C4FFEA3}.Debug|Any CPU.Build.0 = Debug|Any CPU
		{3909E59A-C537-443D-806A-61EF0C4FFEA3}.Release|Any CPU.ActiveCfg = Release|Any CPU
		{3909E59A-C537-443D-806A-61EF0C4FFEA3}.Release|Any CPU.Build.0 = Release|Any CPU
		{5F0156A8-05B9-42FD-B8F1-5D11C16AE74B}.Debug|Any CPU.ActiveCfg = Debug|Any CPU
		{5F0156A8-05B9-42FD-B8F1-5D11C16AE74B}.Debug|Any CPU.Build.0 = Debug|Any CPU
		{5F0156A8-05B9-42FD-B8F1-5D11C16AE74B}.Release|Any CPU.ActiveCfg = Release|Any CPU
		{5F0156A8-05B9-42FD-B8F1-5D11C16AE74B}.Release|Any CPU.Build.0 = Release|Any CPU
		{DF58138C-A91E-4E2C-AC11-EEB2FCC3B770}.Debug|Any CPU.ActiveCfg = Debug|Any CPU
		{DF58138C-A91E-4E2C-AC11-EEB2FCC3B770}.Debug|Any CPU.Build.0 = Debug|Any CPU
		{DF58138C-A91E-4E2C-AC11-EEB2FCC3B770}.Release|Any CPU.ActiveCfg = Release|Any CPU
		{DF58138C-A91E-4E2C-AC11-EEB2FCC3B770}.Release|Any CPU.Build.0 = Release|Any CPU
		{1BBD1ACF-EF6C-4B09-9041-A030DE2CFD24}.Debug|Any CPU.ActiveCfg = Debug|Any CPU
		{1BBD1ACF-EF6C-4B09-9041-A030DE2CFD24}.Debug|Any CPU.Build.0 = Debug|Any CPU
		{1BBD1ACF-EF6C-4B09-9041-A030DE2CFD24}.Release|Any CPU.ActiveCfg = Release|Any CPU
		{1BBD1ACF-EF6C-4B09-9041-A030DE2CFD24}.Release|Any CPU.Build.0 = Release|Any CPU
		{868D5D96-648F-4E86-91A6-8F4B3B0EFAAA}.Debug|Any CPU.ActiveCfg = Debug|Any CPU
		{868D5D96-648F-4E86-91A6-8F4B3B0EFAAA}.Debug|Any CPU.Build.0 = Debug|Any CPU
		{868D5D96-648F-4E86-91A6-8F4B3B0EFAAA}.Release|Any CPU.ActiveCfg = Release|Any CPU
		{868D5D96-648F-4E86-91A6-8F4B3B0EFAAA}.Release|Any CPU.Build.0 = Release|Any CPU
		{3B4ECB0B-3C90-4A23-93BE-6FB7B2516597}.Debug|Any CPU.ActiveCfg = Debug|Any CPU
		{3B4ECB0B-3C90-4A23-93BE-6FB7B2516597}.Debug|Any CPU.Build.0 = Debug|Any CPU
		{3B4ECB0B-3C90-4A23-93BE-6FB7B2516597}.Release|Any CPU.ActiveCfg = Release|Any CPU
		{3B4ECB0B-3C90-4A23-93BE-6FB7B2516597}.Release|Any CPU.Build.0 = Release|Any CPU
		{DF435A92-7A48-4547-8968-7E6F74C8BD1F}.Debug|Any CPU.ActiveCfg = Debug|Any CPU
		{DF435A92-7A48-4547-8968-7E6F74C8BD1F}.Debug|Any CPU.Build.0 = Debug|Any CPU
		{DF435A92-7A48-4547-8968-7E6F74C8BD1F}.Release|Any CPU.ActiveCfg = Release|Any CPU
		{DF435A92-7A48-4547-8968-7E6F74C8BD1F}.Release|Any CPU.Build.0 = Release|Any CPU
		{74FC8DFD-360A-43BA-BD5C-5C1073E2AF06}.Debug|Any CPU.ActiveCfg = Debug|Any CPU
		{74FC8DFD-360A-43BA-BD5C-5C1073E2AF06}.Debug|Any CPU.Build.0 = Debug|Any CPU
		{74FC8DFD-360A-43BA-BD5C-5C1073E2AF06}.Release|Any CPU.ActiveCfg = Release|Any CPU
		{74FC8DFD-360A-43BA-BD5C-5C1073E2AF06}.Release|Any CPU.Build.0 = Release|Any CPU
		{76C2EEDA-E2CB-43C7-8744-D449D222DBE0}.Debug|Any CPU.ActiveCfg = Debug|Any CPU
		{76C2EEDA-E2CB-43C7-8744-D449D222DBE0}.Debug|Any CPU.Build.0 = Debug|Any CPU
		{76C2EEDA-E2CB-43C7-8744-D449D222DBE0}.Release|Any CPU.ActiveCfg = Release|Any CPU
		{76C2EEDA-E2CB-43C7-8744-D449D222DBE0}.Release|Any CPU.Build.0 = Release|Any CPU
	EndGlobalSection
	GlobalSection(SolutionProperties) = preSolution
		HideSolutionNode = FALSE
	EndGlobalSection
	GlobalSection(ExtensibilityGlobals) = postSolution
		SolutionGuid = {1AB74165-803B-481C-AF35-B2FC026DD7C1}
	EndGlobalSection
EndGlobal
