
Microsoft Visual Studio Solution File, Format Version 12.00
# Visual Studio Version 17
VisualStudioVersion = 17.10.35027.167
MinimumVisualStudioVersion = 10.0.40219.1
Project("{FAE04EC0-301F-11D3-BF4B-00C04F79EFBC}") = "KampIntro", "KampIntro\KampIntro.csproj", "{44FA238B-E52A-4A49-8866-36A02C608CD9}"
EndProject
Project("{FAE04EC0-301F-11D3-BF4B-00C04F79EFBC}") = "ClassIntro", "ClassIntro\ClassIntro.csproj", "{7A750F43-3C24-4688-AD01-D85F189CCB40}"
EndProject
Global
	GlobalSection(SolutionConfigurationPlatforms) = preSolution
		Debug|Any CPU = Debug|Any CPU
		Release|Any CPU = Release|Any CPU
	EndGlobalSection
	GlobalSection(ProjectConfigurationPlatforms) = postSolution
		{44FA238B-E52A-4A49-8866-36A02C608CD9}.Debug|Any CPU.ActiveCfg = Debug|Any CPU
		{44FA238B-E52A-4A49-8866-36A02C608CD9}.Debug|Any CPU.Build.0 = Debug|Any CPU
		{44FA238B-E52A-4A49-8866-36A02C608CD9}.Release|Any CPU.ActiveCfg = Release|Any CPU
		{44FA238B-E52A-4A49-8866-36A02C608CD9}.Release|Any CPU.Build.0 = Release|Any CPU
		{7A750F43-3C24-4688-AD01-D85F189CCB40}.Debug|Any CPU.ActiveCfg = Debug|Any CPU
		{7A750F43-3C24-4688-AD01-D85F189CCB40}.Debug|Any CPU.Build.0 = Debug|Any CPU
		{7A750F43-3C24-4688-AD01-D85F189CCB40}.Release|Any CPU.ActiveCfg = Release|Any CPU
		{7A750F43-3C24-4688-AD01-D85F189CCB40}.Release|Any CPU.Build.0 = Release|Any CPU
	EndGlobalSection
	GlobalSection(SolutionProperties) = preSolution
		HideSolutionNode = FALSE
	EndGlobalSection
	GlobalSection(ExtensibilityGlobals) = postSolution
		SolutionGuid = {1AB74165-803B-481C-AF35-B2FC026DD7C1}
	EndGlobalSection
EndGlobal
